
Microsoft Visual Studio Solution File, Format Version 12.00
# Visual Studio 15
Project("{FAE04EC0-301F-11D3-BF4B-00C04F79EFBC}") = "Scooters-50cc", "Scooters-50cc.csproj", "{C9B84258-6FF1-41B4-9191-A4188746C3FC}"
EndProject
Global
	GlobalSection(SolutionConfigurationPlatforms) = preSolution
		Debug|Any CPU = Debug|Any CPU
		Release|Any CPU = Release|Any CPU
	EndGlobalSection
	GlobalSection(ProjectConfigurationPlatforms) = postSolution
		{C9B84258-6FF1-41B4-9191-A4188746C3FC}.Debug|Any CPU.ActiveCfg = Debug|Any CPU
		{C9B84258-6FF1-41B4-9191-A4188746C3FC}.Debug|Any CPU.Build.0 = Debug|Any CPU
		{C9B84258-6FF1-41B4-9191-A4188746C3FC}.Release|Any CPU.ActiveCfg = Release|Any CPU
		{C9B84258-6FF1-41B4-9191-A4188746C3FC}.Release|Any CPU.Build.0 = Release|Any CPU
	EndGlobalSection
EndGlobal
